
Microsoft Visual Studio Solution File, Format Version 12.00
# Visual Studio Version 17
VisualStudioVersion = 17.6.33815.320
MinimumVisualStudioVersion = 10.0.40219.1
Project("{2150E333-8FDC-42A3-9474-1A3956D46DE8}") = "src", "src", "{D5B5683E-CD3E-45CC-B413-F04ADED4EED4}"
EndProject
Project("{2150E333-8FDC-42A3-9474-1A3956D46DE8}") = "Dashboard", "Dashboard", "{A87531D3-E771-4070-B586-2E105B015AA1}"
EndProject
Project("{2150E333-8FDC-42A3-9474-1A3956D46DE8}") = "Application", "Application", "{F32FF8FB-2F0D-4B1F-87FA-DEF1DE5238FB}"
EndProject
Project("{2150E333-8FDC-42A3-9474-1A3956D46DE8}") = "Clients", "Clients", "{78B6B9BC-9689-4CB5-8952-42616B690EB9}"
EndProject
Project("{2150E333-8FDC-42A3-9474-1A3956D46DE8}") = "Contracts", "Contracts", "{F51988AC-7C4F-4C94-9009-C8657A261E82}"
EndProject
Project("{2150E333-8FDC-42A3-9474-1A3956D46DE8}") = "Hosts", "Hosts", "{2BEA3BF8-4834-4198-8656-D84A2540B17D}"
EndProject
Project("{2150E333-8FDC-42A3-9474-1A3956D46DE8}") = "Infrastructure", "Infrastructure", "{AEC084E0-FB9A-4F59-8CE0-EABA3FE25A62}"
EndProject
Project("{9A19103F-16F7-4668-BE54-9A1E7A4F7556}") = "Dashboard.Hosts.Api", "Dashboard.Hosts.Api\Dashboard.Hosts.Api.csproj", "{FC2B2064-88C0-419A-8938-EA24346861E0}"
EndProject
Project("{2150E333-8FDC-42A3-9474-1A3956D46DE8}") = "Domain", "Domain", "{B05DE8E0-6EE4-4747-A388-D2B7B7691670}"
EndProject
Project("{9A19103F-16F7-4668-BE54-9A1E7A4F7556}") = "Dashboard.Domain", "Dashboard.Domain\Dashboard.Domain.csproj", "{1F0E5548-4931-4190-BC24-A426A9B9DA3F}"
EndProject
Project("{9A19103F-16F7-4668-BE54-9A1E7A4F7556}") = "Dashboard.Clients", "Dashboard.Clients\Dashboard.Clients.csproj", "{78CD1B98-970B-42AB-A7B5-EA3BB460471F}"
EndProject
Project("{9A19103F-16F7-4668-BE54-9A1E7A4F7556}") = "Dashboard.Contracts", "Dashboard.Contracts\Dashboard.Contracts.csproj", "{EC1B4373-C94B-4254-AB78-9D68A84F194C}"
EndProject
Project("{9A19103F-16F7-4668-BE54-9A1E7A4F7556}") = "Dashboard.Application.AppServices", "Dashboard.Application\Dashboard.Application.AppServices.csproj", "{7169568C-B515-42E0-8BD3-7CD452EB7F73}"
EndProject
Project("{9A19103F-16F7-4668-BE54-9A1E7A4F7556}") = "Dashboard.Infrastructure", "Dashboard.Infrastructure\Dashboard.Infrastructure.csproj", "{C363CC3A-D35C-4B68-9038-0B323C57E06E}"
EndProject
Project("{9A19103F-16F7-4668-BE54-9A1E7A4F7556}") = "Dashboard.InfrastructureDataAccess", "Dashboard.InfrastructureDataAccess\Dashboard.InfrastructureDataAccess.csproj", "{13EC169C-7107-46E9-B7E6-7A7420920DEF}"
EndProject
Project("{9A19103F-16F7-4668-BE54-9A1E7A4F7556}") = "Dashboard.Infrastructure.ComponentRegistrar", "Dashboard.Infrastructure.ComponentRegistrar\Dashboard.Infrastructure.ComponentRegistrar.csproj", "{603CC1AB-8355-4966-8436-D9C0B7799EEC}"
EndProject
Global
	GlobalSection(SolutionConfigurationPlatforms) = preSolution
		Debug|Any CPU = Debug|Any CPU
		Release|Any CPU = Release|Any CPU
	EndGlobalSection
	GlobalSection(ProjectConfigurationPlatforms) = postSolution
		{FC2B2064-88C0-419A-8938-EA24346861E0}.Debug|Any CPU.ActiveCfg = Debug|Any CPU
		{FC2B2064-88C0-419A-8938-EA24346861E0}.Debug|Any CPU.Build.0 = Debug|Any CPU
		{FC2B2064-88C0-419A-8938-EA24346861E0}.Release|Any CPU.ActiveCfg = Release|Any CPU
		{FC2B2064-88C0-419A-8938-EA24346861E0}.Release|Any CPU.Build.0 = Release|Any CPU
		{1F0E5548-4931-4190-BC24-A426A9B9DA3F}.Debug|Any CPU.ActiveCfg = Debug|Any CPU
		{1F0E5548-4931-4190-BC24-A426A9B9DA3F}.Debug|Any CPU.Build.0 = Debug|Any CPU
		{1F0E5548-4931-4190-BC24-A426A9B9DA3F}.Release|Any CPU.ActiveCfg = Release|Any CPU
		{1F0E5548-4931-4190-BC24-A426A9B9DA3F}.Release|Any CPU.Build.0 = Release|Any CPU
		{78CD1B98-970B-42AB-A7B5-EA3BB460471F}.Debug|Any CPU.ActiveCfg = Debug|Any CPU
		{78CD1B98-970B-42AB-A7B5-EA3BB460471F}.Debug|Any CPU.Build.0 = Debug|Any CPU
		{78CD1B98-970B-42AB-A7B5-EA3BB460471F}.Release|Any CPU.ActiveCfg = Release|Any CPU
		{78CD1B98-970B-42AB-A7B5-EA3BB460471F}.Release|Any CPU.Build.0 = Release|Any CPU
		{EC1B4373-C94B-4254-AB78-9D68A84F194C}.Debug|Any CPU.ActiveCfg = Debug|Any CPU
		{EC1B4373-C94B-4254-AB78-9D68A84F194C}.Debug|Any CPU.Build.0 = Debug|Any CPU
		{EC1B4373-C94B-4254-AB78-9D68A84F194C}.Release|Any CPU.ActiveCfg = Release|Any CPU
		{EC1B4373-C94B-4254-AB78-9D68A84F194C}.Release|Any CPU.Build.0 = Release|Any CPU
		{7169568C-B515-42E0-8BD3-7CD452EB7F73}.Debug|Any CPU.ActiveCfg = Debug|Any CPU
		{7169568C-B515-42E0-8BD3-7CD452EB7F73}.Debug|Any CPU.Build.0 = Debug|Any CPU
		{7169568C-B515-42E0-8BD3-7CD452EB7F73}.Release|Any CPU.ActiveCfg = Release|Any CPU
		{7169568C-B515-42E0-8BD3-7CD452EB7F73}.Release|Any CPU.Build.0 = Release|Any CPU
		{C363CC3A-D35C-4B68-9038-0B323C57E06E}.Debug|Any CPU.ActiveCfg = Debug|Any CPU
		{C363CC3A-D35C-4B68-9038-0B323C57E06E}.Debug|Any CPU.Build.0 = Debug|Any CPU
		{C363CC3A-D35C-4B68-9038-0B323C57E06E}.Release|Any CPU.ActiveCfg = Release|Any CPU
		{C363CC3A-D35C-4B68-9038-0B323C57E06E}.Release|Any CPU.Build.0 = Release|Any CPU
		{13EC169C-7107-46E9-B7E6-7A7420920DEF}.Debug|Any CPU.ActiveCfg = Debug|Any CPU
		{13EC169C-7107-46E9-B7E6-7A7420920DEF}.Debug|Any CPU.Build.0 = Debug|Any CPU
		{13EC169C-7107-46E9-B7E6-7A7420920DEF}.Release|Any CPU.ActiveCfg = Release|Any CPU
		{13EC169C-7107-46E9-B7E6-7A7420920DEF}.Release|Any CPU.Build.0 = Release|Any CPU
		{603CC1AB-8355-4966-8436-D9C0B7799EEC}.Debug|Any CPU.ActiveCfg = Debug|Any CPU
		{603CC1AB-8355-4966-8436-D9C0B7799EEC}.Debug|Any CPU.Build.0 = Debug|Any CPU
		{603CC1AB-8355-4966-8436-D9C0B7799EEC}.Release|Any CPU.ActiveCfg = Release|Any CPU
		{603CC1AB-8355-4966-8436-D9C0B7799EEC}.Release|Any CPU.Build.0 = Release|Any CPU
	EndGlobalSection
	GlobalSection(SolutionProperties) = preSolution
		HideSolutionNode = FALSE
	EndGlobalSection
	GlobalSection(NestedProjects) = preSolution
		{A87531D3-E771-4070-B586-2E105B015AA1} = {D5B5683E-CD3E-45CC-B413-F04ADED4EED4}
		{F32FF8FB-2F0D-4B1F-87FA-DEF1DE5238FB} = {A87531D3-E771-4070-B586-2E105B015AA1}
		{78B6B9BC-9689-4CB5-8952-42616B690EB9} = {A87531D3-E771-4070-B586-2E105B015AA1}
		{F51988AC-7C4F-4C94-9009-C8657A261E82} = {A87531D3-E771-4070-B586-2E105B015AA1}
		{2BEA3BF8-4834-4198-8656-D84A2540B17D} = {A87531D3-E771-4070-B586-2E105B015AA1}
		{AEC084E0-FB9A-4F59-8CE0-EABA3FE25A62} = {A87531D3-E771-4070-B586-2E105B015AA1}
		{FC2B2064-88C0-419A-8938-EA24346861E0} = {2BEA3BF8-4834-4198-8656-D84A2540B17D}
		{B05DE8E0-6EE4-4747-A388-D2B7B7691670} = {A87531D3-E771-4070-B586-2E105B015AA1}
		{1F0E5548-4931-4190-BC24-A426A9B9DA3F} = {B05DE8E0-6EE4-4747-A388-D2B7B7691670}
		{78CD1B98-970B-42AB-A7B5-EA3BB460471F} = {78B6B9BC-9689-4CB5-8952-42616B690EB9}
		{EC1B4373-C94B-4254-AB78-9D68A84F194C} = {F51988AC-7C4F-4C94-9009-C8657A261E82}
		{7169568C-B515-42E0-8BD3-7CD452EB7F73} = {F32FF8FB-2F0D-4B1F-87FA-DEF1DE5238FB}
		{C363CC3A-D35C-4B68-9038-0B323C57E06E} = {AEC084E0-FB9A-4F59-8CE0-EABA3FE25A62}
		{13EC169C-7107-46E9-B7E6-7A7420920DEF} = {AEC084E0-FB9A-4F59-8CE0-EABA3FE25A62}
		{603CC1AB-8355-4966-8436-D9C0B7799EEC} = {AEC084E0-FB9A-4F59-8CE0-EABA3FE25A62}
	EndGlobalSection
	GlobalSection(ExtensibilityGlobals) = postSolution
		SolutionGuid = {5DF513FC-1D32-4ED4-99A4-AA1D0BFC2F22}
	EndGlobalSection
EndGlobal
